
Microsoft Visual Studio Solution File, Format Version 12.00
# Visual Studio Version 16
VisualStudioVersion = 16.0.32126.315
MinimumVisualStudioVersion = 10.0.40219.1
Project("{FAE04EC0-301F-11D3-BF4B-00C04F79EFBC}") = "Leano_Calculator.Android", "Leano_Calculator\Leano_Calculator.Android\Leano_Calculator.Android.csproj", "{34593A63-57BC-4926-BF95-01B2056952BD}"
EndProject
Project("{FAE04EC0-301F-11D3-BF4B-00C04F79EFBC}") = "Leano_Calculator.iOS", "Leano_Calculator\Leano_Calculator.iOS\Leano_Calculator.iOS.csproj", "{0F1E9411-EEF7-45F2-BFAE-A0707F342FC0}"
EndProject
Project("{FAE04EC0-301F-11D3-BF4B-00C04F79EFBC}") = "Leano_Calculator", "Leano_Calculator\Leano_Calculator\Leano_Calculator.csproj", "{C727FA05-3A79-4BE4-999C-950C55BF9020}"
EndProject
Global
	GlobalSection(SolutionConfigurationPlatforms) = preSolution
		Debug|Any CPU = Debug|Any CPU
		Debug|iPhone = Debug|iPhone
		Debug|iPhoneSimulator = Debug|iPhoneSimulator
		Release|Any CPU = Release|Any CPU
		Release|iPhone = Release|iPhone
		Release|iPhoneSimulator = Release|iPhoneSimulator
	EndGlobalSection
	GlobalSection(ProjectConfigurationPlatforms) = postSolution
		{34593A63-57BC-4926-BF95-01B2056952BD}.Debug|Any CPU.ActiveCfg = Debug|Any CPU
		{34593A63-57BC-4926-BF95-01B2056952BD}.Debug|Any CPU.Build.0 = Debug|Any CPU
		{34593A63-57BC-4926-BF95-01B2056952BD}.Debug|Any CPU.Deploy.0 = Debug|Any CPU
		{34593A63-57BC-4926-BF95-01B2056952BD}.Debug|iPhone.ActiveCfg = Debug|Any CPU
		{34593A63-57BC-4926-BF95-01B2056952BD}.Debug|iPhone.Build.0 = Debug|Any CPU
		{34593A63-57BC-4926-BF95-01B2056952BD}.Debug|iPhone.Deploy.0 = Debug|Any CPU
		{34593A63-57BC-4926-BF95-01B2056952BD}.Debug|iPhoneSimulator.ActiveCfg = Debug|Any CPU
		{34593A63-57BC-4926-BF95-01B2056952BD}.Debug|iPhoneSimulator.Build.0 = Debug|Any CPU
		{34593A63-57BC-4926-BF95-01B2056952BD}.Debug|iPhoneSimulator.Deploy.0 = Debug|Any CPU
		{34593A63-57BC-4926-BF95-01B2056952BD}.Release|Any CPU.ActiveCfg = Release|Any CPU
		{34593A63-57BC-4926-BF95-01B2056952BD}.Release|Any CPU.Build.0 = Release|Any CPU
		{34593A63-57BC-4926-BF95-01B2056952BD}.Release|Any CPU.Deploy.0 = Release|Any CPU
		{34593A63-57BC-4926-BF95-01B2056952BD}.Release|iPhone.ActiveCfg = Release|Any CPU
		{34593A63-57BC-4926-BF95-01B2056952BD}.Release|iPhone.Build.0 = Release|Any CPU
		{34593A63-57BC-4926-BF95-01B2056952BD}.Release|iPhone.Deploy.0 = Release|Any CPU
		{34593A63-57BC-4926-BF95-01B2056952BD}.Release|iPhoneSimulator.ActiveCfg = Release|Any CPU
		{34593A63-57BC-4926-BF95-01B2056952BD}.Release|iPhoneSimulator.Build.0 = Release|Any CPU
		{34593A63-57BC-4926-BF95-01B2056952BD}.Release|iPhoneSimulator.Deploy.0 = Release|Any CPU
		{0F1E9411-EEF7-45F2-BFAE-A0707F342FC0}.Debug|Any CPU.ActiveCfg = Debug|iPhone
		{0F1E9411-EEF7-45F2-BFAE-A0707F342FC0}.Debug|Any CPU.Build.0 = Debug|iPhone
		{0F1E9411-EEF7-45F2-BFAE-A0707F342FC0}.Debug|Any CPU.Deploy.0 = Debug|iPhone
		{0F1E9411-EEF7-45F2-BFAE-A0707F342FC0}.Debug|iPhone.ActiveCfg = Debug|iPhone
		{0F1E9411-EEF7-45F2-BFAE-A0707F342FC0}.Debug|iPhone.Build.0 = Debug|iPhone
		{0F1E9411-EEF7-45F2-BFAE-A0707F342FC0}.Debug|iPhone.Deploy.0 = Debug|iPhone
		{0F1E9411-EEF7-45F2-BFAE-A0707F342FC0}.Debug|iPhoneSimulator.ActiveCfg = Debug|iPhoneSimulator
		{0F1E9411-EEF7-45F2-BFAE-A0707F342FC0}.Debug|iPhoneSimulator.Build.0 = Debug|iPhoneSimulator
		{0F1E9411-EEF7-45F2-BFAE-A0707F342FC0}.Debug|iPhoneSimulator.Deploy.0 = Debug|iPhoneSimulator
		{0F1E9411-EEF7-45F2-BFAE-A0707F342FC0}.Release|Any CPU.ActiveCfg = Release|iPhoneSimulator
		{0F1E9411-EEF7-45F2-BFAE-A0707F342FC0}.Release|Any CPU.Build.0 = Release|iPhoneSimulator
		{0F1E9411-EEF7-45F2-BFAE-A0707F342FC0}.Release|Any CPU.Deploy.0 = Release|iPhoneSimulator
		{0F1E9411-EEF7-45F2-BFAE-A0707F342FC0}.Release|iPhone.ActiveCfg = Release|iPhone
		{0F1E9411-EEF7-45F2-BFAE-A0707F342FC0}.Release|iPhone.Build.0 = Release|iPhone
		{0F1E9411-EEF7-45F2-BFAE-A0707F342FC0}.Release|iPhone.Deploy.0 = Release|iPhone
		{0F1E9411-EEF7-45F2-BFAE-A0707F342FC0}.Release|iPhoneSimulator.ActiveCfg = Release|iPhoneSimulator
		{0F1E9411-EEF7-45F2-BFAE-A0707F342FC0}.Release|iPhoneSimulator.Build.0 = Release|iPhoneSimulator
		{0F1E9411-EEF7-45F2-BFAE-A0707F342FC0}.Release|iPhoneSimulator.Deploy.0 = Release|iPhoneSimulator
		{C727FA05-3A79-4BE4-999C-950C55BF9020}.Debug|Any CPU.ActiveCfg = Debug|Any CPU
		{C727FA05-3A79-4BE4-999C-950C55BF9020}.Debug|Any CPU.Build.0 = Debug|Any CPU
		{C727FA05-3A79-4BE4-999C-950C55BF9020}.Debug|Any CPU.Deploy.0 = Debug|Any CPU
		{C727FA05-3A79-4BE4-999C-950C55BF9020}.Debug|iPhone.ActiveCfg = Debug|Any CPU
		{C727FA05-3A79-4BE4-999C-950C55BF9020}.Debug|iPhone.Build.0 = Debug|Any CPU
		{C727FA05-3A79-4BE4-999C-950C55BF9020}.Debug|iPhone.Deploy.0 = Debug|Any CPU
		{C727FA05-3A79-4BE4-999C-950C55BF9020}.Debug|iPhoneSimulator.ActiveCfg = Debug|Any CPU
		{C727FA05-3A79-4BE4-999C-950C55BF9020}.Debug|iPhoneSimulator.Build.0 = Debug|Any CPU
		{C727FA05-3A79-4BE4-999C-950C55BF9020}.Debug|iPhoneSimulator.Deploy.0 = Debug|Any CPU
		{C727FA05-3A79-4BE4-999C-950C55BF9020}.Release|Any CPU.ActiveCfg = Release|Any CPU
		{C727FA05-3A79-4BE4-999C-950C55BF9020}.Release|Any CPU.Build.0 = Release|Any CPU
		{C727FA05-3A79-4BE4-999C-950C55BF9020}.Release|Any CPU.Deploy.0 = Release|Any CPU
		{C727FA05-3A79-4BE4-999C-950C55BF9020}.Release|iPhone.ActiveCfg = Release|Any CPU
		{C727FA05-3A79-4BE4-999C-950C55BF9020}.Release|iPhone.Build.0 = Release|Any CPU
		{C727FA05-3A79-4BE4-999C-950C55BF9020}.Release|iPhone.Deploy.0 = Release|Any CPU
		{C727FA05-3A79-4BE4-999C-950C55BF9020}.Release|iPhoneSimulator.ActiveCfg = Release|Any CPU
		{C727FA05-3A79-4BE4-999C-950C55BF9020}.Release|iPhoneSimulator.Build.0 = Release|Any CPU
		{C727FA05-3A79-4BE4-999C-950C55BF9020}.Release|iPhoneSimulator.Deploy.0 = Release|Any CPU
	EndGlobalSection
	GlobalSection(SolutionProperties) = preSolution
		HideSolutionNode = FALSE
	EndGlobalSection
	GlobalSection(ExtensibilityGlobals) = postSolution
		SolutionGuid = {CB6245CA-F862-41D0-9843-3E7D8D887786}
	EndGlobalSection
EndGlobal
